
Microsoft Visual Studio Solution File, Format Version 12.00
# Visual Studio 15
VisualStudioVersion = 15.0.28010.2019
MinimumVisualStudioVersion = 10.0.40219.1
Project("{8BC9CEB8-8B4A-11D0-8D11-00A0C91BC942}") = "comm_audio", "comm_audio\comm_audio.vcxproj", "{D91A67BB-7E74-4F6C-B633-7FF34FEBB0FD}"
EndProject
Global
	GlobalSection(SolutionConfigurationPlatforms) = preSolution
		Debug|x64 = Debug|x64
		Debug|x86 = Debug|x86
		Release|x64 = Release|x64
		Release|x86 = Release|x86
	EndGlobalSection
	GlobalSection(ProjectConfigurationPlatforms) = postSolution
		{D91A67BB-7E74-4F6C-B633-7FF34FEBB0FD}.Debug|x64.ActiveCfg = Debug|x64
		{D91A67BB-7E74-4F6C-B633-7FF34FEBB0FD}.Debug|x64.Build.0 = Debug|x64
		{D91A67BB-7E74-4F6C-B633-7FF34FEBB0FD}.Debug|x86.ActiveCfg = Debug|Win32
		{D91A67BB-7E74-4F6C-B633-7FF34FEBB0FD}.Debug|x86.Build.0 = Debug|Win32
		{D91A67BB-7E74-4F6C-B633-7FF34FEBB0FD}.Release|x64.ActiveCfg = Release|x64
		{D91A67BB-7E74-4F6C-B633-7FF34FEBB0FD}.Release|x64.Build.0 = Release|x64
		{D91A67BB-7E74-4F6C-B633-7FF34FEBB0FD}.Release|x86.ActiveCfg = Release|Win32
		{D91A67BB-7E74-4F6C-B633-7FF34FEBB0FD}.Release|x86.Build.0 = Release|Win32
	EndGlobalSection
	GlobalSection(SolutionProperties) = preSolution
		HideSolutionNode = FALSE
	EndGlobalSection
	GlobalSection(ExtensibilityGlobals) = postSolution
		SolutionGuid = {2C7CBCF0-9E37-483C-90E0-DFFCAF02AC94}
	EndGlobalSection
EndGlobal
